
Microsoft Visual Studio Solution File, Format Version 12.00
# Visual Studio Version 17
VisualStudioVersion = 17.11.35327.3
MinimumVisualStudioVersion = 10.0.40219.1
Project("{FAE04EC0-301F-11D3-BF4B-00C04F79EFBC}") = "CRUD", "CRUD.csproj", "{1E3CB62B-49BA-408C-83A7-CFB1D3BC6E7D}"
EndProject
Global
	GlobalSection(SolutionConfigurationPlatforms) = preSolution
		Debug|Any CPU = Debug|Any CPU
		Release|Any CPU = Release|Any CPU
	EndGlobalSection
	GlobalSection(ProjectConfigurationPlatforms) = postSolution
		{1E3CB62B-49BA-408C-83A7-CFB1D3BC6E7D}.Debug|Any CPU.ActiveCfg = Debug|Any CPU
		{1E3CB62B-49BA-408C-83A7-CFB1D3BC6E7D}.Debug|Any CPU.Build.0 = Debug|Any CPU
		{1E3CB62B-49BA-408C-83A7-CFB1D3BC6E7D}.Release|Any CPU.ActiveCfg = Release|Any CPU
		{1E3CB62B-49BA-408C-83A7-CFB1D3BC6E7D}.Release|Any CPU.Build.0 = Release|Any CPU
	EndGlobalSection
	GlobalSection(SolutionProperties) = preSolution
		HideSolutionNode = FALSE
	EndGlobalSection
	GlobalSection(ExtensibilityGlobals) = postSolution
		SolutionGuid = {5511B8DD-6E94-4A16-9629-8FB2BB0A6F9F}
	EndGlobalSection
EndGlobal
